
Microsoft Visual Studio Solution File, Format Version 12.00
# Visual Studio Version 17
VisualStudioVersion = 17.5.33530.505
MinimumVisualStudioVersion = 10.0.40219.1
Project("{2150E333-8FDC-42A3-9474-1A3956D46DE8}") = "Library", "Library", "{46377B41-6EF4-405B-A9DE-464ED8BD06AC}"
EndProject
Project("{2150E333-8FDC-42A3-9474-1A3956D46DE8}") = "Startups", "Startups", "{B879811B-D72B-4CE0-B212-262196695E93}"
EndProject
Project("{2150E333-8FDC-42A3-9474-1A3956D46DE8}") = "Submodules", "Submodules", "{643C2D44-1FC0-4B56-AED3-EBD94922D4F5}"
EndProject
Project("{2150E333-8FDC-42A3-9474-1A3956D46DE8}") = "ConsoleLibrary", "ConsoleLibrary", "{6C588FFC-BEA9-487A-BE6D-2194BEAED0C1}"
EndProject
Project("{2150E333-8FDC-42A3-9474-1A3956D46DE8}") = "Console", "Console", "{04A804D0-97A9-4D89-9026-48FE40BA87EA}"
EndProject
Project("{2150E333-8FDC-42A3-9474-1A3956D46DE8}") = "Work", "Work", "{444A49A4-DC5F-4208-BB4C-A5A6CD3F5ADF}"
EndProject
Project("{2150E333-8FDC-42A3-9474-1A3956D46DE8}") = "App", "App", "{2978004E-B6B3-4167-BF6D-A3C17DC5BF04}"
EndProject
Project("{FAE04EC0-301F-11D3-BF4B-00C04F79EFBC}") = "CoreGraphSearch", "Library\CoreGraphSearch\CoreGraphSearch.csproj", "{5A60CD52-EA8A-4EFC-9C81-98AAE42E1607}"
EndProject
Project("{FAE04EC0-301F-11D3-BF4B-00C04F79EFBC}") = "GraphSearchQueensPuzzle", "Library\GraphSearchQueensPuzzle\GraphSearchQueensPuzzle.csproj", "{79B64444-E502-474B-A17A-66453C79ADCA}"
EndProject
Project("{FAE04EC0-301F-11D3-BF4B-00C04F79EFBC}") = "QueensPuzzleResultGenerator", "Startups\QueensPuzzleResultGenerator\QueensPuzzleResultGenerator.csproj", "{F0A20B82-5383-4635-BB3A-28212B60C86C}"
EndProject
Project("{9A19103F-16F7-4668-BE54-9A1E7A4F7556}") = "ConsoleLibrary", "Submodules\ConsoleLibrary\Library\Console\ConsoleLibrary\ConsoleLibrary.csproj", "{802A97A4-DA12-433C-9CAF-01565650813A}"
EndProject
Project("{FAE04EC0-301F-11D3-BF4B-00C04F79EFBC}") = "ConsoleLibrary.Droid", "Submodules\ConsoleLibrary\Library\Console\ConsoleLibrary.Droid\ConsoleLibrary.Droid.csproj", "{BF45690B-9DD8-4E8A-9D41-0BEC309F2795}"
EndProject
Project("{FAE04EC0-301F-11D3-BF4B-00C04F79EFBC}") = "ConsoleLibrary.UWP", "Submodules\ConsoleLibrary\Library\Console\ConsoleLibrary.UWP\ConsoleLibrary.UWP.csproj", "{014506A7-2013-4A74-B50E-BE9D52C643B2}"
EndProject
Project("{9A19103F-16F7-4668-BE54-9A1E7A4F7556}") = "WorkInvoker", "Submodules\ConsoleLibrary\Library\Work\WorkInvoker\WorkInvoker.csproj", "{812A07D6-F5EE-4BED-AAF7-0AF529420F0D}"
EndProject
Project("{FAE04EC0-301F-11D3-BF4B-00C04F79EFBC}") = "SharedWorks", "Startups\App\SharedWorks\SharedWorks.csproj", "{0550C7BF-9131-4F3A-94E5-4E5C19D3092D}"
EndProject
Project("{2150E333-8FDC-42A3-9474-1A3956D46DE8}") = "Init", "Init", "{114D4A15-1FB3-4EEA-B1D1-471B9577ADD1}"
EndProject
Project("{FAE04EC0-301F-11D3-BF4B-00C04F79EFBC}") = "QueensPuzzleApp.UWP", "Startups\App\Init\QueensPuzzleApp\QueensPuzzleApp.UWP\QueensPuzzleApp.UWP.csproj", "{379AC4C1-0BFD-4E58-B4F3-6E61F301B511}"
EndProject
Project("{FAE04EC0-301F-11D3-BF4B-00C04F79EFBC}") = "QueensPuzzleApp.Android", "Startups\App\Init\QueensPuzzleApp\QueensPuzzleApp.Android\QueensPuzzleApp.Android.csproj", "{505B4834-CE11-4FD3-A083-E202BB59CFF5}"
EndProject
Project("{FAE04EC0-301F-11D3-BF4B-00C04F79EFBC}") = "QueensPuzzleApp", "Startups\App\Init\QueensPuzzleApp\QueensPuzzleApp\QueensPuzzleApp.csproj", "{AE4DA1E9-2AB7-4D2A-AC96-D7220B639800}"
EndProject
Global
	GlobalSection(SolutionConfigurationPlatforms) = preSolution
		Debug|Any CPU = Debug|Any CPU
		Debug|ARM = Debug|ARM
		Debug|ARM64 = Debug|ARM64
		Debug|x64 = Debug|x64
		Debug|x86 = Debug|x86
		Release|Any CPU = Release|Any CPU
		Release|ARM = Release|ARM
		Release|ARM64 = Release|ARM64
		Release|x64 = Release|x64
		Release|x86 = Release|x86
	EndGlobalSection
	GlobalSection(ProjectConfigurationPlatforms) = postSolution
		{5A60CD52-EA8A-4EFC-9C81-98AAE42E1607}.Debug|Any CPU.ActiveCfg = Debug|Any CPU
		{5A60CD52-EA8A-4EFC-9C81-98AAE42E1607}.Debug|Any CPU.Build.0 = Debug|Any CPU
		{5A60CD52-EA8A-4EFC-9C81-98AAE42E1607}.Debug|ARM.ActiveCfg = Debug|Any CPU
		{5A60CD52-EA8A-4EFC-9C81-98AAE42E1607}.Debug|ARM.Build.0 = Debug|Any CPU
		{5A60CD52-EA8A-4EFC-9C81-98AAE42E1607}.Debug|ARM64.ActiveCfg = Debug|Any CPU
		{5A60CD52-EA8A-4EFC-9C81-98AAE42E1607}.Debug|ARM64.Build.0 = Debug|Any CPU
		{5A60CD52-EA8A-4EFC-9C81-98AAE42E1607}.Debug|x64.ActiveCfg = Debug|Any CPU
		{5A60CD52-EA8A-4EFC-9C81-98AAE42E1607}.Debug|x64.Build.0 = Debug|Any CPU
		{5A60CD52-EA8A-4EFC-9C81-98AAE42E1607}.Debug|x86.ActiveCfg = Debug|Any CPU
		{5A60CD52-EA8A-4EFC-9C81-98AAE42E1607}.Debug|x86.Build.0 = Debug|Any CPU
		{5A60CD52-EA8A-4EFC-9C81-98AAE42E1607}.Release|Any CPU.ActiveCfg = Release|Any CPU
		{5A60CD52-EA8A-4EFC-9C81-98AAE42E1607}.Release|Any CPU.Build.0 = Release|Any CPU
		{5A60CD52-EA8A-4EFC-9C81-98AAE42E1607}.Release|ARM.ActiveCfg = Release|Any CPU
		{5A60CD52-EA8A-4EFC-9C81-98AAE42E1607}.Release|ARM.Build.0 = Release|Any CPU
		{5A60CD52-EA8A-4EFC-9C81-98AAE42E1607}.Release|ARM64.ActiveCfg = Release|Any CPU
		{5A60CD52-EA8A-4EFC-9C81-98AAE42E1607}.Release|ARM64.Build.0 = Release|Any CPU
		{5A60CD52-EA8A-4EFC-9C81-98AAE42E1607}.Release|x64.ActiveCfg = Release|Any CPU
		{5A60CD52-EA8A-4EFC-9C81-98AAE42E1607}.Release|x64.Build.0 = Release|Any CPU
		{5A60CD52-EA8A-4EFC-9C81-98AAE42E1607}.Release|x86.ActiveCfg = Release|Any CPU
		{5A60CD52-EA8A-4EFC-9C81-98AAE42E1607}.Release|x86.Build.0 = Release|Any CPU
		{79B64444-E502-474B-A17A-66453C79ADCA}.Debug|Any CPU.ActiveCfg = Debug|Any CPU
		{79B64444-E502-474B-A17A-66453C79ADCA}.Debug|Any CPU.Build.0 = Debug|Any CPU
		{79B64444-E502-474B-A17A-66453C79ADCA}.Debug|ARM.ActiveCfg = Debug|Any CPU
		{79B64444-E502-474B-A17A-66453C79ADCA}.Debug|ARM.Build.0 = Debug|Any CPU
		{79B64444-E502-474B-A17A-66453C79ADCA}.Debug|ARM64.ActiveCfg = Debug|Any CPU
		{79B64444-E502-474B-A17A-66453C79ADCA}.Debug|ARM64.Build.0 = Debug|Any CPU
		{79B64444-E502-474B-A17A-66453C79ADCA}.Debug|x64.ActiveCfg = Debug|Any CPU
		{79B64444-E502-474B-A17A-66453C79ADCA}.Debug|x64.Build.0 = Debug|Any CPU
		{79B64444-E502-474B-A17A-66453C79ADCA}.Debug|x86.ActiveCfg = Debug|Any CPU
		{79B64444-E502-474B-A17A-66453C79ADCA}.Debug|x86.Build.0 = Debug|Any CPU
		{79B64444-E502-474B-A17A-66453C79ADCA}.Release|Any CPU.ActiveCfg = Release|Any CPU
		{79B64444-E502-474B-A17A-66453C79ADCA}.Release|Any CPU.Build.0 = Release|Any CPU
		{79B64444-E502-474B-A17A-66453C79ADCA}.Release|ARM.ActiveCfg = Release|Any CPU
		{79B64444-E502-474B-A17A-66453C79ADCA}.Release|ARM.Build.0 = Release|Any CPU
		{79B64444-E502-474B-A17A-66453C79ADCA}.Release|ARM64.ActiveCfg = Release|Any CPU
		{79B64444-E502-474B-A17A-66453C79ADCA}.Release|ARM64.Build.0 = Release|Any CPU
		{79B64444-E502-474B-A17A-66453C79ADCA}.Release|x64.ActiveCfg = Release|Any CPU
		{79B64444-E502-474B-A17A-66453C79ADCA}.Release|x64.Build.0 = Release|Any CPU
		{79B64444-E502-474B-A17A-66453C79ADCA}.Release|x86.ActiveCfg = Release|Any CPU
		{79B64444-E502-474B-A17A-66453C79ADCA}.Release|x86.Build.0 = Release|Any CPU
		{F0A20B82-5383-4635-BB3A-28212B60C86C}.Debug|Any CPU.ActiveCfg = Debug|Any CPU
		{F0A20B82-5383-4635-BB3A-28212B60C86C}.Debug|Any CPU.Build.0 = Debug|Any CPU
		{F0A20B82-5383-4635-BB3A-28212B60C86C}.Debug|ARM.ActiveCfg = Debug|Any CPU
		{F0A20B82-5383-4635-BB3A-28212B60C86C}.Debug|ARM.Build.0 = Debug|Any CPU
		{F0A20B82-5383-4635-BB3A-28212B60C86C}.Debug|ARM64.ActiveCfg = Debug|Any CPU
		{F0A20B82-5383-4635-BB3A-28212B60C86C}.Debug|ARM64.Build.0 = Debug|Any CPU
		{F0A20B82-5383-4635-BB3A-28212B60C86C}.Debug|x64.ActiveCfg = Debug|Any CPU
		{F0A20B82-5383-4635-BB3A-28212B60C86C}.Debug|x64.Build.0 = Debug|Any CPU
		{F0A20B82-5383-4635-BB3A-28212B60C86C}.Debug|x86.ActiveCfg = Debug|Any CPU
		{F0A20B82-5383-4635-BB3A-28212B60C86C}.Debug|x86.Build.0 = Debug|Any CPU
		{F0A20B82-5383-4635-BB3A-28212B60C86C}.Release|Any CPU.ActiveCfg = Release|Any CPU
		{F0A20B82-5383-4635-BB3A-28212B60C86C}.Release|Any CPU.Build.0 = Release|Any CPU
		{F0A20B82-5383-4635-BB3A-28212B60C86C}.Release|ARM.ActiveCfg = Release|Any CPU
		{F0A20B82-5383-4635-BB3A-28212B60C86C}.Release|ARM.Build.0 = Release|Any CPU
		{F0A20B82-5383-4635-BB3A-28212B60C86C}.Release|ARM64.ActiveCfg = Release|Any CPU
		{F0A20B82-5383-4635-BB3A-28212B60C86C}.Release|ARM64.Build.0 = Release|Any CPU
		{F0A20B82-5383-4635-BB3A-28212B60C86C}.Release|x64.ActiveCfg = Release|Any CPU
		{F0A20B82-5383-4635-BB3A-28212B60C86C}.Release|x64.Build.0 = Release|Any CPU
		{F0A20B82-5383-4635-BB3A-28212B60C86C}.Release|x86.ActiveCfg = Release|Any CPU
		{F0A20B82-5383-4635-BB3A-28212B60C86C}.Release|x86.Build.0 = Release|Any CPU
		{802A97A4-DA12-433C-9CAF-01565650813A}.Debug|Any CPU.ActiveCfg = Debug|Any CPU
		{802A97A4-DA12-433C-9CAF-01565650813A}.Debug|Any CPU.Build.0 = Debug|Any CPU
		{802A97A4-DA12-433C-9CAF-01565650813A}.Debug|ARM.ActiveCfg = Debug|Any CPU
		{802A97A4-DA12-433C-9CAF-01565650813A}.Debug|ARM.Build.0 = Debug|Any CPU
		{802A97A4-DA12-433C-9CAF-01565650813A}.Debug|ARM64.ActiveCfg = Debug|Any CPU
		{802A97A4-DA12-433C-9CAF-01565650813A}.Debug|ARM64.Build.0 = Debug|Any CPU
		{802A97A4-DA12-433C-9CAF-01565650813A}.Debug|x64.ActiveCfg = Debug|Any CPU
		{802A97A4-DA12-433C-9CAF-01565650813A}.Debug|x64.Build.0 = Debug|Any CPU
		{802A97A4-DA12-433C-9CAF-01565650813A}.Debug|x86.ActiveCfg = Debug|Any CPU
		{802A97A4-DA12-433C-9CAF-01565650813A}.Debug|x86.Build.0 = Debug|Any CPU
		{802A97A4-DA12-433C-9CAF-01565650813A}.Release|Any CPU.ActiveCfg = Release|Any CPU
		{802A97A4-DA12-433C-9CAF-01565650813A}.Release|Any CPU.Build.0 = Release|Any CPU
		{802A97A4-DA12-433C-9CAF-01565650813A}.Release|ARM.ActiveCfg = Release|Any CPU
		{802A97A4-DA12-433C-9CAF-01565650813A}.Release|ARM.Build.0 = Release|Any CPU
		{802A97A4-DA12-433C-9CAF-01565650813A}.Release|ARM64.ActiveCfg = Release|Any CPU
		{802A97A4-DA12-433C-9CAF-01565650813A}.Release|ARM64.Build.0 = Release|Any CPU
		{802A97A4-DA12-433C-9CAF-01565650813A}.Release|x64.ActiveCfg = Release|Any CPU
		{802A97A4-DA12-433C-9CAF-01565650813A}.Release|x64.Build.0 = Release|Any CPU
		{802A97A4-DA12-433C-9CAF-01565650813A}.Release|x86.ActiveCfg = Release|Any CPU
		{802A97A4-DA12-433C-9CAF-01565650813A}.Release|x86.Build.0 = Release|Any CPU
		{BF45690B-9DD8-4E8A-9D41-0BEC309F2795}.Debug|Any CPU.ActiveCfg = Debug|Any CPU
		{BF45690B-9DD8-4E8A-9D41-0BEC309F2795}.Debug|Any CPU.Build.0 = Debug|Any CPU
		{BF45690B-9DD8-4E8A-9D41-0BEC309F2795}.Debug|ARM.ActiveCfg = Debug|Any CPU
		{BF45690B-9DD8-4E8A-9D41-0BEC309F2795}.Debug|ARM.Build.0 = Debug|Any CPU
		{BF45690B-9DD8-4E8A-9D41-0BEC309F2795}.Debug|ARM64.ActiveCfg = Debug|Any CPU
		{BF45690B-9DD8-4E8A-9D41-0BEC309F2795}.Debug|ARM64.Build.0 = Debug|Any CPU
		{BF45690B-9DD8-4E8A-9D41-0BEC309F2795}.Debug|x64.ActiveCfg = Debug|Any CPU
		{BF45690B-9DD8-4E8A-9D41-0BEC309F2795}.Debug|x64.Build.0 = Debug|Any CPU
		{BF45690B-9DD8-4E8A-9D41-0BEC309F2795}.Debug|x86.ActiveCfg = Debug|Any CPU
		{BF45690B-9DD8-4E8A-9D41-0BEC309F2795}.Debug|x86.Build.0 = Debug|Any CPU
		{BF45690B-9DD8-4E8A-9D41-0BEC309F2795}.Release|Any CPU.ActiveCfg = Release|Any CPU
		{BF45690B-9DD8-4E8A-9D41-0BEC309F2795}.Release|Any CPU.Build.0 = Release|Any CPU
		{BF45690B-9DD8-4E8A-9D41-0BEC309F2795}.Release|ARM.ActiveCfg = Release|Any CPU
		{BF45690B-9DD8-4E8A-9D41-0BEC309F2795}.Release|ARM.Build.0 = Release|Any CPU
		{BF45690B-9DD8-4E8A-9D41-0BEC309F2795}.Release|ARM64.ActiveCfg = Release|Any CPU
		{BF45690B-9DD8-4E8A-9D41-0BEC309F2795}.Release|ARM64.Build.0 = Release|Any CPU
		{BF45690B-9DD8-4E8A-9D41-0BEC309F2795}.Release|x64.ActiveCfg = Release|Any CPU
		{BF45690B-9DD8-4E8A-9D41-0BEC309F2795}.Release|x64.Build.0 = Release|Any CPU
		{BF45690B-9DD8-4E8A-9D41-0BEC309F2795}.Release|x86.ActiveCfg = Release|Any CPU
		{BF45690B-9DD8-4E8A-9D41-0BEC309F2795}.Release|x86.Build.0 = Release|Any CPU
		{014506A7-2013-4A74-B50E-BE9D52C643B2}.Debug|Any CPU.ActiveCfg = Debug|Any CPU
		{014506A7-2013-4A74-B50E-BE9D52C643B2}.Debug|Any CPU.Build.0 = Debug|Any CPU
		{014506A7-2013-4A74-B50E-BE9D52C643B2}.Debug|ARM.ActiveCfg = Debug|ARM
		{014506A7-2013-4A74-B50E-BE9D52C643B2}.Debug|ARM.Build.0 = Debug|ARM
		{014506A7-2013-4A74-B50E-BE9D52C643B2}.Debug|ARM64.ActiveCfg = Debug|ARM64
		{014506A7-2013-4A74-B50E-BE9D52C643B2}.Debug|ARM64.Build.0 = Debug|ARM64
		{014506A7-2013-4A74-B50E-BE9D52C643B2}.Debug|x64.ActiveCfg = Debug|x64
		{014506A7-2013-4A74-B50E-BE9D52C643B2}.Debug|x64.Build.0 = Debug|x64
		{014506A7-2013-4A74-B50E-BE9D52C643B2}.Debug|x86.ActiveCfg = Debug|x86
		{014506A7-2013-4A74-B50E-BE9D52C643B2}.Debug|x86.Build.0 = Debug|x86
		{014506A7-2013-4A74-B50E-BE9D52C643B2}.Release|Any CPU.ActiveCfg = Release|Any CPU
		{014506A7-2013-4A74-B50E-BE9D52C643B2}.Release|Any CPU.Build.0 = Release|Any CPU
		{014506A7-2013-4A74-B50E-BE9D52C643B2}.Release|ARM.ActiveCfg = Release|ARM
		{014506A7-2013-4A74-B50E-BE9D52C643B2}.Release|ARM.Build.0 = Release|ARM
		{014506A7-2013-4A74-B50E-BE9D52C643B2}.Release|ARM64.ActiveCfg = Release|ARM64
		{014506A7-2013-4A74-B50E-BE9D52C643B2}.Release|ARM64.Build.0 = Release|ARM64
		{014506A7-2013-4A74-B50E-BE9D52C643B2}.Release|x64.ActiveCfg = Release|x64
		{014506A7-2013-4A74-B50E-BE9D52C643B2}.Release|x64.Build.0 = Release|x64
		{014506A7-2013-4A74-B50E-BE9D52C643B2}.Release|x86.ActiveCfg = Release|x86
		{014506A7-2013-4A74-B50E-BE9D52C643B2}.Release|x86.Build.0 = Release|x86
		{812A07D6-F5EE-4BED-AAF7-0AF529420F0D}.Debug|Any CPU.ActiveCfg = Debug|Any CPU
		{812A07D6-F5EE-4BED-AAF7-0AF529420F0D}.Debug|Any CPU.Build.0 = Debug|Any CPU
		{812A07D6-F5EE-4BED-AAF7-0AF529420F0D}.Debug|ARM.ActiveCfg = Debug|Any CPU
		{812A07D6-F5EE-4BED-AAF7-0AF529420F0D}.Debug|ARM.Build.0 = Debug|Any CPU
		{812A07D6-F5EE-4BED-AAF7-0AF529420F0D}.Debug|ARM64.ActiveCfg = Debug|Any CPU
		{812A07D6-F5EE-4BED-AAF7-0AF529420F0D}.Debug|ARM64.Build.0 = Debug|Any CPU
		{812A07D6-F5EE-4BED-AAF7-0AF529420F0D}.Debug|x64.ActiveCfg = Debug|Any CPU
		{812A07D6-F5EE-4BED-AAF7-0AF529420F0D}.Debug|x64.Build.0 = Debug|Any CPU
		{812A07D6-F5EE-4BED-AAF7-0AF529420F0D}.Debug|x86.ActiveCfg = Debug|Any CPU
		{812A07D6-F5EE-4BED-AAF7-0AF529420F0D}.Debug|x86.Build.0 = Debug|Any CPU
		{812A07D6-F5EE-4BED-AAF7-0AF529420F0D}.Release|Any CPU.ActiveCfg = Release|Any CPU
		{812A07D6-F5EE-4BED-AAF7-0AF529420F0D}.Release|Any CPU.Build.0 = Release|Any CPU
		{812A07D6-F5EE-4BED-AAF7-0AF529420F0D}.Release|ARM.ActiveCfg = Release|Any CPU
		{812A07D6-F5EE-4BED-AAF7-0AF529420F0D}.Release|ARM.Build.0 = Release|Any CPU
		{812A07D6-F5EE-4BED-AAF7-0AF529420F0D}.Release|ARM64.ActiveCfg = Release|Any CPU
		{812A07D6-F5EE-4BED-AAF7-0AF529420F0D}.Release|ARM64.Build.0 = Release|Any CPU
		{812A07D6-F5EE-4BED-AAF7-0AF529420F0D}.Release|x64.ActiveCfg = Release|Any CPU
		{812A07D6-F5EE-4BED-AAF7-0AF529420F0D}.Release|x64.Build.0 = Release|Any CPU
		{812A07D6-F5EE-4BED-AAF7-0AF529420F0D}.Release|x86.ActiveCfg = Release|Any CPU
		{812A07D6-F5EE-4BED-AAF7-0AF529420F0D}.Release|x86.Build.0 = Release|Any CPU
		{0550C7BF-9131-4F3A-94E5-4E5C19D3092D}.Debug|Any CPU.ActiveCfg = Debug|Any CPU
		{0550C7BF-9131-4F3A-94E5-4E5C19D3092D}.Debug|Any CPU.Build.0 = Debug|Any CPU
		{0550C7BF-9131-4F3A-94E5-4E5C19D3092D}.Debug|ARM.ActiveCfg = Debug|Any CPU
		{0550C7BF-9131-4F3A-94E5-4E5C19D3092D}.Debug|ARM.Build.0 = Debug|Any CPU
		{0550C7BF-9131-4F3A-94E5-4E5C19D3092D}.Debug|ARM64.ActiveCfg = Debug|Any CPU
		{0550C7BF-9131-4F3A-94E5-4E5C19D3092D}.Debug|ARM64.Build.0 = Debug|Any CPU
		{0550C7BF-9131-4F3A-94E5-4E5C19D3092D}.Debug|x64.ActiveCfg = Debug|Any CPU
		{0550C7BF-9131-4F3A-94E5-4E5C19D3092D}.Debug|x64.Build.0 = Debug|Any CPU
		{0550C7BF-9131-4F3A-94E5-4E5C19D3092D}.Debug|x86.ActiveCfg = Debug|Any CPU
		{0550C7BF-9131-4F3A-94E5-4E5C19D3092D}.Debug|x86.Build.0 = Debug|Any CPU
		{0550C7BF-9131-4F3A-94E5-4E5C19D3092D}.Release|Any CPU.ActiveCfg = Release|Any CPU
		{0550C7BF-9131-4F3A-94E5-4E5C19D3092D}.Release|Any CPU.Build.0 = Release|Any CPU
		{0550C7BF-9131-4F3A-94E5-4E5C19D3092D}.Release|ARM.ActiveCfg = Release|Any CPU
		{0550C7BF-9131-4F3A-94E5-4E5C19D3092D}.Release|ARM.Build.0 = Release|Any CPU
		{0550C7BF-9131-4F3A-94E5-4E5C19D3092D}.Release|ARM64.ActiveCfg = Release|Any CPU
		{0550C7BF-9131-4F3A-94E5-4E5C19D3092D}.Release|ARM64.Build.0 = Release|Any CPU
		{0550C7BF-9131-4F3A-94E5-4E5C19D3092D}.Release|x64.ActiveCfg = Release|Any CPU
		{0550C7BF-9131-4F3A-94E5-4E5C19D3092D}.Release|x64.Build.0 = Release|Any CPU
		{0550C7BF-9131-4F3A-94E5-4E5C19D3092D}.Release|x86.ActiveCfg = Release|Any CPU
		{0550C7BF-9131-4F3A-94E5-4E5C19D3092D}.Release|x86.Build.0 = Release|Any CPU
		{379AC4C1-0BFD-4E58-B4F3-6E61F301B511}.Debug|Any CPU.ActiveCfg = Debug|x64
		{379AC4C1-0BFD-4E58-B4F3-6E61F301B511}.Debug|Any CPU.Build.0 = Debug|x64
		{379AC4C1-0BFD-4E58-B4F3-6E61F301B511}.Debug|Any CPU.Deploy.0 = Debug|x64
		{379AC4C1-0BFD-4E58-B4F3-6E61F301B511}.Debug|ARM.ActiveCfg = Debug|ARM
		{379AC4C1-0BFD-4E58-B4F3-6E61F301B511}.Debug|ARM.Build.0 = Debug|ARM
		{379AC4C1-0BFD-4E58-B4F3-6E61F301B511}.Debug|ARM.Deploy.0 = Debug|ARM
		{379AC4C1-0BFD-4E58-B4F3-6E61F301B511}.Debug|ARM64.ActiveCfg = Debug|x64
		{379AC4C1-0BFD-4E58-B4F3-6E61F301B511}.Debug|ARM64.Build.0 = Debug|x64
		{379AC4C1-0BFD-4E58-B4F3-6E61F301B511}.Debug|ARM64.Deploy.0 = Debug|x64
		{379AC4C1-0BFD-4E58-B4F3-6E61F301B511}.Debug|x64.ActiveCfg = Debug|x64
		{379AC4C1-0BFD-4E58-B4F3-6E61F301B511}.Debug|x64.Build.0 = Debug|x64
		{379AC4C1-0BFD-4E58-B4F3-6E61F301B511}.Debug|x64.Deploy.0 = Debug|x64
		{379AC4C1-0BFD-4E58-B4F3-6E61F301B511}.Debug|x86.ActiveCfg = Debug|x86
		{379AC4C1-0BFD-4E58-B4F3-6E61F301B511}.Debug|x86.Build.0 = Debug|x86
		{379AC4C1-0BFD-4E58-B4F3-6E61F301B511}.Debug|x86.Deploy.0 = Debug|x86
		{379AC4C1-0BFD-4E58-B4F3-6E61F301B511}.Release|Any CPU.ActiveCfg = Release|x64
		{379AC4C1-0BFD-4E58-B4F3-6E61F301B511}.Release|Any CPU.Build.0 = Release|x64
		{379AC4C1-0BFD-4E58-B4F3-6E61F301B511}.Release|Any CPU.Deploy.0 = Release|x64
		{379AC4C1-0BFD-4E58-B4F3-6E61F301B511}.Release|ARM.ActiveCfg = Release|ARM
		{379AC4C1-0BFD-4E58-B4F3-6E61F301B511}.Release|ARM.Build.0 = Release|ARM
		{379AC4C1-0BFD-4E58-B4F3-6E61F301B511}.Release|ARM.Deploy.0 = Release|ARM
		{379AC4C1-0BFD-4E58-B4F3-6E61F301B511}.Release|ARM64.ActiveCfg = Release|x64
		{379AC4C1-0BFD-4E58-B4F3-6E61F301B511}.Release|ARM64.Build.0 = Release|x64
		{379AC4C1-0BFD-4E58-B4F3-6E61F301B511}.Release|ARM64.Deploy.0 = Release|x64
		{379AC4C1-0BFD-4E58-B4F3-6E61F301B511}.Release|x64.ActiveCfg = Release|x64
		{379AC4C1-0BFD-4E58-B4F3-6E61F301B511}.Release|x64.Build.0 = Release|x64
		{379AC4C1-0BFD-4E58-B4F3-6E61F301B511}.Release|x64.Deploy.0 = Release|x64
		{379AC4C1-0BFD-4E58-B4F3-6E61F301B511}.Release|x86.ActiveCfg = Release|x86
		{379AC4C1-0BFD-4E58-B4F3-6E61F301B511}.Release|x86.Build.0 = Release|x86
		{379AC4C1-0BFD-4E58-B4F3-6E61F301B511}.Release|x86.Deploy.0 = Release|x86
		{505B4834-CE11-4FD3-A083-E202BB59CFF5}.Debug|Any CPU.ActiveCfg = Debug|Any CPU
		{505B4834-CE11-4FD3-A083-E202BB59CFF5}.Debug|Any CPU.Build.0 = Debug|Any CPU
		{505B4834-CE11-4FD3-A083-E202BB59CFF5}.Debug|Any CPU.Deploy.0 = Debug|Any CPU
		{505B4834-CE11-4FD3-A083-E202BB59CFF5}.Debug|ARM.ActiveCfg = Debug|Any CPU
		{505B4834-CE11-4FD3-A083-E202BB59CFF5}.Debug|ARM.Build.0 = Debug|Any CPU
		{505B4834-CE11-4FD3-A083-E202BB59CFF5}.Debug|ARM.Deploy.0 = Debug|Any CPU
		{505B4834-CE11-4FD3-A083-E202BB59CFF5}.Debug|ARM64.ActiveCfg = Debug|Any CPU
		{505B4834-CE11-4FD3-A083-E202BB59CFF5}.Debug|ARM64.Build.0 = Debug|Any CPU
		{505B4834-CE11-4FD3-A083-E202BB59CFF5}.Debug|ARM64.Deploy.0 = Debug|Any CPU
		{505B4834-CE11-4FD3-A083-E202BB59CFF5}.Debug|x64.ActiveCfg = Debug|Any CPU
		{505B4834-CE11-4FD3-A083-E202BB59CFF5}.Debug|x64.Build.0 = Debug|Any CPU
		{505B4834-CE11-4FD3-A083-E202BB59CFF5}.Debug|x64.Deploy.0 = Debug|Any CPU
		{505B4834-CE11-4FD3-A083-E202BB59CFF5}.Debug|x86.ActiveCfg = Debug|Any CPU
		{505B4834-CE11-4FD3-A083-E202BB59CFF5}.Debug|x86.Build.0 = Debug|Any CPU
		{505B4834-CE11-4FD3-A083-E202BB59CFF5}.Debug|x86.Deploy.0 = Debug|Any CPU
		{505B4834-CE11-4FD3-A083-E202BB59CFF5}.Release|Any CPU.ActiveCfg = Release|Any CPU
		{505B4834-CE11-4FD3-A083-E202BB59CFF5}.Release|Any CPU.Build.0 = Release|Any CPU
		{505B4834-CE11-4FD3-A083-E202BB59CFF5}.Release|Any CPU.Deploy.0 = Release|Any CPU
		{505B4834-CE11-4FD3-A083-E202BB59CFF5}.Release|ARM.ActiveCfg = Release|Any CPU
		{505B4834-CE11-4FD3-A083-E202BB59CFF5}.Release|ARM.Build.0 = Release|Any CPU
		{505B4834-CE11-4FD3-A083-E202BB59CFF5}.Release|ARM.Deploy.0 = Release|Any CPU
		{505B4834-CE11-4FD3-A083-E202BB59CFF5}.Release|ARM64.ActiveCfg = Release|Any CPU
		{505B4834-CE11-4FD3-A083-E202BB59CFF5}.Release|ARM64.Build.0 = Release|Any CPU
		{505B4834-CE11-4FD3-A083-E202BB59CFF5}.Release|ARM64.Deploy.0 = Release|Any CPU
		{505B4834-CE11-4FD3-A083-E202BB59CFF5}.Release|x64.ActiveCfg = Release|Any CPU
		{505B4834-CE11-4FD3-A083-E202BB59CFF5}.Release|x64.Build.0 = Release|Any CPU
		{505B4834-CE11-4FD3-A083-E202BB59CFF5}.Release|x64.Deploy.0 = Release|Any CPU
		{505B4834-CE11-4FD3-A083-E202BB59CFF5}.Release|x86.ActiveCfg = Release|Any CPU
		{505B4834-CE11-4FD3-A083-E202BB59CFF5}.Release|x86.Build.0 = Release|Any CPU
		{505B4834-CE11-4FD3-A083-E202BB59CFF5}.Release|x86.Deploy.0 = Release|Any CPU
		{AE4DA1E9-2AB7-4D2A-AC96-D7220B639800}.Debug|Any CPU.ActiveCfg = Debug|Any CPU
		{AE4DA1E9-2AB7-4D2A-AC96-D7220B639800}.Debug|Any CPU.Build.0 = Debug|Any CPU
		{AE4DA1E9-2AB7-4D2A-AC96-D7220B639800}.Debug|ARM.ActiveCfg = Debug|Any CPU
		{AE4DA1E9-2AB7-4D2A-AC96-D7220B639800}.Debug|ARM.Build.0 = Debug|Any CPU
		{AE4DA1E9-2AB7-4D2A-AC96-D7220B639800}.Debug|ARM64.ActiveCfg = Debug|Any CPU
		{AE4DA1E9-2AB7-4D2A-AC96-D7220B639800}.Debug|ARM64.Build.0 = Debug|Any CPU
		{AE4DA1E9-2AB7-4D2A-AC96-D7220B639800}.Debug|x64.ActiveCfg = Debug|Any CPU
		{AE4DA1E9-2AB7-4D2A-AC96-D7220B639800}.Debug|x64.Build.0 = Debug|Any CPU
		{AE4DA1E9-2AB7-4D2A-AC96-D7220B639800}.Debug|x86.ActiveCfg = Debug|Any CPU
		{AE4DA1E9-2AB7-4D2A-AC96-D7220B639800}.Debug|x86.Build.0 = Debug|Any CPU
		{AE4DA1E9-2AB7-4D2A-AC96-D7220B639800}.Release|Any CPU.ActiveCfg = Release|Any CPU
		{AE4DA1E9-2AB7-4D2A-AC96-D7220B639800}.Release|Any CPU.Build.0 = Release|Any CPU
		{AE4DA1E9-2AB7-4D2A-AC96-D7220B639800}.Release|ARM.ActiveCfg = Release|Any CPU
		{AE4DA1E9-2AB7-4D2A-AC96-D7220B639800}.Release|ARM.Build.0 = Release|Any CPU
		{AE4DA1E9-2AB7-4D2A-AC96-D7220B639800}.Release|ARM64.ActiveCfg = Release|Any CPU
		{AE4DA1E9-2AB7-4D2A-AC96-D7220B639800}.Release|ARM64.Build.0 = Release|Any CPU
		{AE4DA1E9-2AB7-4D2A-AC96-D7220B639800}.Release|x64.ActiveCfg = Release|Any CPU
		{AE4DA1E9-2AB7-4D2A-AC96-D7220B639800}.Release|x64.Build.0 = Release|Any CPU
		{AE4DA1E9-2AB7-4D2A-AC96-D7220B639800}.Release|x86.ActiveCfg = Release|Any CPU
		{AE4DA1E9-2AB7-4D2A-AC96-D7220B639800}.Release|x86.Build.0 = Release|Any CPU
	EndGlobalSection
	GlobalSection(SolutionProperties) = preSolution
		HideSolutionNode = FALSE
	EndGlobalSection
	GlobalSection(NestedProjects) = preSolution
		{6C588FFC-BEA9-487A-BE6D-2194BEAED0C1} = {643C2D44-1FC0-4B56-AED3-EBD94922D4F5}
		{04A804D0-97A9-4D89-9026-48FE40BA87EA} = {6C588FFC-BEA9-487A-BE6D-2194BEAED0C1}
		{444A49A4-DC5F-4208-BB4C-A5A6CD3F5ADF} = {6C588FFC-BEA9-487A-BE6D-2194BEAED0C1}
		{2978004E-B6B3-4167-BF6D-A3C17DC5BF04} = {B879811B-D72B-4CE0-B212-262196695E93}
		{5A60CD52-EA8A-4EFC-9C81-98AAE42E1607} = {46377B41-6EF4-405B-A9DE-464ED8BD06AC}
		{79B64444-E502-474B-A17A-66453C79ADCA} = {46377B41-6EF4-405B-A9DE-464ED8BD06AC}
		{F0A20B82-5383-4635-BB3A-28212B60C86C} = {B879811B-D72B-4CE0-B212-262196695E93}
		{802A97A4-DA12-433C-9CAF-01565650813A} = {04A804D0-97A9-4D89-9026-48FE40BA87EA}
		{BF45690B-9DD8-4E8A-9D41-0BEC309F2795} = {04A804D0-97A9-4D89-9026-48FE40BA87EA}
		{014506A7-2013-4A74-B50E-BE9D52C643B2} = {04A804D0-97A9-4D89-9026-48FE40BA87EA}
		{812A07D6-F5EE-4BED-AAF7-0AF529420F0D} = {444A49A4-DC5F-4208-BB4C-A5A6CD3F5ADF}
		{0550C7BF-9131-4F3A-94E5-4E5C19D3092D} = {2978004E-B6B3-4167-BF6D-A3C17DC5BF04}
		{114D4A15-1FB3-4EEA-B1D1-471B9577ADD1} = {2978004E-B6B3-4167-BF6D-A3C17DC5BF04}
		{379AC4C1-0BFD-4E58-B4F3-6E61F301B511} = {114D4A15-1FB3-4EEA-B1D1-471B9577ADD1}
		{505B4834-CE11-4FD3-A083-E202BB59CFF5} = {114D4A15-1FB3-4EEA-B1D1-471B9577ADD1}
		{AE4DA1E9-2AB7-4D2A-AC96-D7220B639800} = {114D4A15-1FB3-4EEA-B1D1-471B9577ADD1}
	EndGlobalSection
	GlobalSection(ExtensibilityGlobals) = postSolution
		SolutionGuid = {BD467F76-8EC8-4293-B8DB-7A634D18F3E0}
	EndGlobalSection
EndGlobal
